
Microsoft Visual Studio Solution File, Format Version 12.00
# Visual Studio Version 16
VisualStudioVersion = 16.0.31515.178
MinimumVisualStudioVersion = 10.0.40219.1
Project("{FAE04EC0-301F-11D3-BF4B-00C04F79EFBC}") = "AtelierOO-101", "AtelierOO-101.csproj", "{81C39BC4-2F63-43D0-B070-826EC89F6431}"
EndProject
Global
	GlobalSection(SolutionConfigurationPlatforms) = preSolution
		Debug|Any CPU = Debug|Any CPU
		Release|Any CPU = Release|Any CPU
	EndGlobalSection
	GlobalSection(ProjectConfigurationPlatforms) = postSolution
		{81C39BC4-2F63-43D0-B070-826EC89F6431}.Debug|Any CPU.ActiveCfg = Debug|Any CPU
		{81C39BC4-2F63-43D0-B070-826EC89F6431}.Debug|Any CPU.Build.0 = Debug|Any CPU
		{81C39BC4-2F63-43D0-B070-826EC89F6431}.Release|Any CPU.ActiveCfg = Release|Any CPU
		{81C39BC4-2F63-43D0-B070-826EC89F6431}.Release|Any CPU.Build.0 = Release|Any CPU
	EndGlobalSection
	GlobalSection(SolutionProperties) = preSolution
		HideSolutionNode = FALSE
	EndGlobalSection
	GlobalSection(ExtensibilityGlobals) = postSolution
		SolutionGuid = {D1B99A6C-DD58-4E1A-B2CF-210CE53CCFA9}
	EndGlobalSection
EndGlobal
